// !$*UTF8*$!
{
	archiveVersion = 1;
	classes = {
	};
	objectVersion = 55;
	objects = {

/* Begin PBXBuildFile section */
		1619E41D2846EFA500849C5F /* AppDelegate.swift in Sources */ = {isa = PBXBuildFile; fileRef = 1619E41C2846EFA500849C5F /* AppDelegate.swift */; };
		1619E41F2846EFA500849C5F /* SceneDelegate.swift in Sources */ = {isa = PBXBuildFile; fileRef = 1619E41E2846EFA500849C5F /* SceneDelegate.swift */; };
		1619E4212846EFA500849C5F /* ViewController.swift in Sources */ = {isa = PBXBuildFile; fileRef = 1619E4202846EFA500849C5F /* ViewController.swift */; };
		1619E4262846EFA800849C5F /* Assets.xcassets in Resources */ = {isa = PBXBuildFile; fileRef = 1619E4252846EFA800849C5F /* Assets.xcassets */; };
		1619E4292846EFA800849C5F /* LaunchScreen.storyboard in Resources */ = {isa = PBXBuildFile; fileRef = 1619E4272846EFA800849C5F /* LaunchScreen.storyboard */; };
		1619E4342846EFA900849C5F /* RxSwiftRepoTests.swift in Sources */ = {isa = PBXBuildFile; fileRef = 1619E4332846EFA900849C5F /* RxSwiftRepoTests.swift */; };
		1619E43E2846EFA900849C5F /* RxSwiftRepoUITests.swift in Sources */ = {isa = PBXBuildFile; fileRef = 1619E43D2846EFA900849C5F /* RxSwiftRepoUITests.swift */; };
		1619E4402846EFA900849C5F /* RxSwiftRepoUITestsLaunchTests.swift in Sources */ = {isa = PBXBuildFile; fileRef = 1619E43F2846EFA900849C5F /* RxSwiftRepoUITestsLaunchTests.swift */; };
		1619E44E2846F41600849C5F /* RxCocoa in Frameworks */ = {isa = PBXBuildFile; productRef = 1619E44D2846F41600849C5F /* RxCocoa */; };
		1619E4502846F41600849C5F /* RxSwift in Frameworks */ = {isa = PBXBuildFile; productRef = 1619E44F2846F41600849C5F /* RxSwift */; };
		16CBBF142856BD6800B640CC /* View.swift in Sources */ = {isa = PBXBuildFile; fileRef = 16CBBF132856BD6800B640CC /* View.swift */; };
		16CBBF172856BEFA00B640CC /* SnapKit in Frameworks */ = {isa = PBXBuildFile; productRef = 16CBBF162856BEFA00B640CC /* SnapKit */; };
		16CBBF1B2856C30E00B640CC /* AddAlarmViewController.swift in Sources */ = {isa = PBXBuildFile; fileRef = 16CBBF1A2856C30E00B640CC /* AddAlarmViewController.swift */; };
		16CBBF1D2856C34500B640CC /* AddAlarmView.swift in Sources */ = {isa = PBXBuildFile; fileRef = 16CBBF1C2856C34400B640CC /* AddAlarmView.swift */; };
		16CBBF1F2858184D00B640CC /* ViewModel.swift in Sources */ = {isa = PBXBuildFile; fileRef = 16CBBF1E2858184D00B640CC /* ViewModel.swift */; };
		16CBBF212858189000B640CC /* Model.swift in Sources */ = {isa = PBXBuildFile; fileRef = 16CBBF202858189000B640CC /* Model.swift */; };
		16CF5CD42863F55600CFFC41 /* RepeatViewController.swift in Sources */ = {isa = PBXBuildFile; fileRef = 16CF5CD32863F55600CFFC41 /* RepeatViewController.swift */; };
		16CF5CD62863F58600CFFC41 /* LabelViewController.swift in Sources */ = {isa = PBXBuildFile; fileRef = 16CF5CD52863F58600CFFC41 /* LabelViewController.swift */; };
		16CF5CD82863F59A00CFFC41 /* AlertViewController.swift in Sources */ = {isa = PBXBuildFile; fileRef = 16CF5CD72863F59A00CFFC41 /* AlertViewController.swift */; };
/* End PBXBuildFile section */

/* Begin PBXContainerItemProxy section */
		1619E4302846EFA900849C5F /* PBXContainerItemProxy */ = {
			isa = PBXContainerItemProxy;
			containerPortal = 1619E4112846EFA500849C5F /* Project object */;
			proxyType = 1;
			remoteGlobalIDString = 1619E4182846EFA500849C5F;
			remoteInfo = RxSwiftRepo;
		};
		1619E43A2846EFA900849C5F /* PBXContainerItemProxy */ = {
			isa = PBXContainerItemProxy;
			containerPortal = 1619E4112846EFA500849C5F /* Project object */;
			proxyType = 1;
			remoteGlobalIDString = 1619E4182846EFA500849C5F;
			remoteInfo = RxSwiftRepo;
		};
/* End PBXContainerItemProxy section */

/* Begin PBXFileReference section */
		1619E4192846EFA500849C5F /* RxSwiftRepo.app */ = {isa = PBXFileReference; explicitFileType = wrapper.application; includeInIndex = 0; path = RxSwiftRepo.app; sourceTree = BUILT_PRODUCTS_DIR; };
		1619E41C2846EFA500849C5F /* AppDelegate.swift */ = {isa = PBXFileReference; lastKnownFileType = sourcecode.swift; path = AppDelegate.swift; sourceTree = "<group>"; };
		1619E41E2846EFA500849C5F /* SceneDelegate.swift */ = {isa = PBXFileReference; lastKnownFileType = sourcecode.swift; path = SceneDelegate.swift; sourceTree = "<group>"; };
		1619E4202846EFA500849C5F /* ViewController.swift */ = {isa = PBXFileReference; lastKnownFileType = sourcecode.swift; path = ViewController.swift; sourceTree = "<group>"; };
		1619E4252846EFA800849C5F /* Assets.xcassets */ = {isa = PBXFileReference; lastKnownFileType = folder.assetcatalog; path = Assets.xcassets; sourceTree = "<group>"; };
		1619E4282846EFA800849C5F /* Base */ = {isa = PBXFileReference; lastKnownFileType = file.storyboard; name = Base; path = Base.lproj/LaunchScreen.storyboard; sourceTree = "<group>"; };
		1619E42A2846EFA800849C5F /* Info.plist */ = {isa = PBXFileReference; lastKnownFileType = text.plist.xml; path = Info.plist; sourceTree = "<group>"; };
		1619E42F2846EFA900849C5F /* RxSwiftRepoTests.xctest */ = {isa = PBXFileReference; explicitFileType = wrapper.cfbundle; includeInIndex = 0; path = RxSwiftRepoTests.xctest; sourceTree = BUILT_PRODUCTS_DIR; };
		1619E4332846EFA900849C5F /* RxSwiftRepoTests.swift */ = {isa = PBXFileReference; lastKnownFileType = sourcecode.swift; path = RxSwiftRepoTests.swift; sourceTree = "<group>"; };
		1619E4392846EFA900849C5F /* RxSwiftRepoUITests.xctest */ = {isa = PBXFileReference; explicitFileType = wrapper.cfbundle; includeInIndex = 0; path = RxSwiftRepoUITests.xctest; sourceTree = BUILT_PRODUCTS_DIR; };
		1619E43D2846EFA900849C5F /* RxSwiftRepoUITests.swift */ = {isa = PBXFileReference; lastKnownFileType = sourcecode.swift; path = RxSwiftRepoUITests.swift; sourceTree = "<group>"; };
		1619E43F2846EFA900849C5F /* RxSwiftRepoUITestsLaunchTests.swift */ = {isa = PBXFileReference; lastKnownFileType = sourcecode.swift; path = RxSwiftRepoUITestsLaunchTests.swift; sourceTree = "<group>"; };
		16CBBF132856BD6800B640CC /* View.swift */ = {isa = PBXFileReference; lastKnownFileType = sourcecode.swift; path = View.swift; sourceTree = "<group>"; };
		16CBBF1A2856C30E00B640CC /* AddAlarmViewController.swift */ = {isa = PBXFileReference; lastKnownFileType = sourcecode.swift; path = AddAlarmViewController.swift; sourceTree = "<group>"; };
		16CBBF1C2856C34400B640CC /* AddAlarmView.swift */ = {isa = PBXFileReference; lastKnownFileType = sourcecode.swift; path = AddAlarmView.swift; sourceTree = "<group>"; };
		16CBBF1E2858184D00B640CC /* ViewModel.swift */ = {isa = PBXFileReference; lastKnownFileType = sourcecode.swift; path = ViewModel.swift; sourceTree = "<group>"; };
		16CBBF202858189000B640CC /* Model.swift */ = {isa = PBXFileReference; lastKnownFileType = sourcecode.swift; path = Model.swift; sourceTree = "<group>"; };
		16CF5CD32863F55600CFFC41 /* RepeatViewController.swift */ = {isa = PBXFileReference; lastKnownFileType = sourcecode.swift; path = RepeatViewController.swift; sourceTree = "<group>"; };
		16CF5CD52863F58600CFFC41 /* LabelViewController.swift */ = {isa = PBXFileReference; lastKnownFileType = sourcecode.swift; path = LabelViewController.swift; sourceTree = "<group>"; };
		16CF5CD72863F59A00CFFC41 /* AlertViewController.swift */ = {isa = PBXFileReference; lastKnownFileType = sourcecode.swift; path = AlertViewController.swift; sourceTree = "<group>"; };
/* End PBXFileReference section */

/* Begin PBXFrameworksBuildPhase section */
		1619E4162846EFA500849C5F /* Frameworks */ = {
			isa = PBXFrameworksBuildPhase;
			buildActionMask = 2147483647;
			files = (
				16CBBF172856BEFA00B640CC /* SnapKit in Frameworks */,
				1619E4502846F41600849C5F /* RxSwift in Frameworks */,
				1619E44E2846F41600849C5F /* RxCocoa in Frameworks */,
			);
			runOnlyForDeploymentPostprocessing = 0;
		};
		1619E42C2846EFA900849C5F /* Frameworks */ = {
			isa = PBXFrameworksBuildPhase;
			buildActionMask = 2147483647;
			files = (
			);
			runOnlyForDeploymentPostprocessing = 0;
		};
		1619E4362846EFA900849C5F /* Frameworks */ = {
			isa = PBXFrameworksBuildPhase;
			buildActionMask = 2147483647;
			files = (
			);
			runOnlyForDeploymentPostprocessing = 0;
		};
/* End PBXFrameworksBuildPhase section */

/* Begin PBXGroup section */
		1619E4102846EFA500849C5F = {
			isa = PBXGroup;
			children = (
				1619E41B2846EFA500849C5F /* RxSwiftRepo */,
				1619E4322846EFA900849C5F /* RxSwiftRepoTests */,
				1619E43C2846EFA900849C5F /* RxSwiftRepoUITests */,
				1619E41A2846EFA500849C5F /* Products */,
			);
			sourceTree = "<group>";
		};
		1619E41A2846EFA500849C5F /* Products */ = {
			isa = PBXGroup;
			children = (
				1619E4192846EFA500849C5F /* RxSwiftRepo.app */,
				1619E42F2846EFA900849C5F /* RxSwiftRepoTests.xctest */,
				1619E4392846EFA900849C5F /* RxSwiftRepoUITests.xctest */,
			);
			name = Products;
			sourceTree = "<group>";
		};
		1619E41B2846EFA500849C5F /* RxSwiftRepo */ = {
			isa = PBXGroup;
			children = (
				1619E41C2846EFA500849C5F /* AppDelegate.swift */,
				1619E41E2846EFA500849C5F /* SceneDelegate.swift */,
				16CBBF202858189000B640CC /* Model.swift */,
				16CBBF1E2858184D00B640CC /* ViewModel.swift */,
				16CBBF182856C2B400B640CC /* ViewController */,
				16CBBF192856C2CA00B640CC /* View */,
				1619E4252846EFA800849C5F /* Assets.xcassets */,
				1619E4272846EFA800849C5F /* LaunchScreen.storyboard */,
				1619E42A2846EFA800849C5F /* Info.plist */,
			);
			path = RxSwiftRepo;
			sourceTree = "<group>";
		};
		1619E4322846EFA900849C5F /* RxSwiftRepoTests */ = {
			isa = PBXGroup;
			children = (
				1619E4332846EFA900849C5F /* RxSwiftRepoTests.swift */,
			);
			path = RxSwiftRepoTests;
			sourceTree = "<group>";
		};
		1619E43C2846EFA900849C5F /* RxSwiftRepoUITests */ = {
			isa = PBXGroup;
			children = (
				1619E43D2846EFA900849C5F /* RxSwiftRepoUITests.swift */,
				1619E43F2846EFA900849C5F /* RxSwiftRepoUITestsLaunchTests.swift */,
			);
			path = RxSwiftRepoUITests;
			sourceTree = "<group>";
		};
		16CBBF182856C2B400B640CC /* ViewController */ = {
			isa = PBXGroup;
			children = (
				1619E4202846EFA500849C5F /* ViewController.swift */,
				16CBBF1A2856C30E00B640CC /* AddAlarmViewController.swift */,
				16CF5CD32863F55600CFFC41 /* RepeatViewController.swift */,
				16CF5CD52863F58600CFFC41 /* LabelViewController.swift */,
				16CF5CD72863F59A00CFFC41 /* AlertViewController.swift */,
			);
			path = ViewController;
			sourceTree = "<group>";
		};
		16CBBF192856C2CA00B640CC /* View */ = {
			isa = PBXGroup;
			children = (
				16CBBF132856BD6800B640CC /* View.swift */,
				16CBBF1C2856C34400B640CC /* AddAlarmView.swift */,
			);
			path = View;
			sourceTree = "<group>";
		};
/* End PBXGroup section */

/* Begin PBXNativeTarget section */
		1619E4182846EFA500849C5F /* RxSwiftRepo */ = {
			isa = PBXNativeTarget;
			buildConfigurationList = 1619E4432846EFA900849C5F /* Build configuration list for PBXNativeTarget "RxSwiftRepo" */;
			buildPhases = (
				1619E4152846EFA500849C5F /* Sources */,
				1619E4162846EFA500849C5F /* Frameworks */,
				1619E4172846EFA500849C5F /* Resources */,
			);
			buildRules = (
			);
			dependencies = (
			);
			name = RxSwiftRepo;
			packageProductDependencies = (
				1619E44D2846F41600849C5F /* RxCocoa */,
				1619E44F2846F41600849C5F /* RxSwift */,
				16CBBF162856BEFA00B640CC /* SnapKit */,
			);
			productName = RxSwiftRepo;
			productReference = 1619E4192846EFA500849C5F /* RxSwiftRepo.app */;
			productType = "com.apple.product-type.application";
		};
		1619E42E2846EFA900849C5F /* RxSwiftRepoTests */ = {
			isa = PBXNativeTarget;
			buildConfigurationList = 1619E4462846EFA900849C5F /* Build configuration list for PBXNativeTarget "RxSwiftRepoTests" */;
			buildPhases = (
				1619E42B2846EFA900849C5F /* Sources */,
				1619E42C2846EFA900849C5F /* Frameworks */,
				1619E42D2846EFA900849C5F /* Resources */,
			);
			buildRules = (
			);
			dependencies = (
				1619E4312846EFA900849C5F /* PBXTargetDependency */,
			);
			name = RxSwiftRepoTests;
			productName = RxSwiftRepoTests;
			productReference = 1619E42F2846EFA900849C5F /* RxSwiftRepoTests.xctest */;
			productType = "com.apple.product-type.bundle.unit-test";
		};
		1619E4382846EFA900849C5F /* RxSwiftRepoUITests */ = {
			isa = PBXNativeTarget;
			buildConfigurationList = 1619E4492846EFA900849C5F /* Build configuration list for PBXNativeTarget "RxSwiftRepoUITests" */;
			buildPhases = (
				1619E4352846EFA900849C5F /* Sources */,
				1619E4362846EFA900849C5F /* Frameworks */,
				1619E4372846EFA900849C5F /* Resources */,
			);
			buildRules = (
			);
			dependencies = (
				1619E43B2846EFA900849C5F /* PBXTargetDependency */,
			);
			name = RxSwiftRepoUITests;
			productName = RxSwiftRepoUITests;
			productReference = 1619E4392846EFA900849C5F /* RxSwiftRepoUITests.xctest */;
			productType = "com.apple.product-type.bundle.ui-testing";
		};
/* End PBXNativeTarget section */

/* Begin PBXProject section */
		1619E4112846EFA500849C5F /* Project object */ = {
			isa = PBXProject;
			attributes = {
				BuildIndependentTargetsInParallel = 1;
				LastSwiftUpdateCheck = 1330;
				LastUpgradeCheck = 1330;
				TargetAttributes = {
					1619E4182846EFA500849C5F = {
						CreatedOnToolsVersion = 13.3.1;
					};
					1619E42E2846EFA900849C5F = {
						CreatedOnToolsVersion = 13.3.1;
						TestTargetID = 1619E4182846EFA500849C5F;
					};
					1619E4382846EFA900849C5F = {
						CreatedOnToolsVersion = 13.3.1;
						TestTargetID = 1619E4182846EFA500849C5F;
					};
				};
			};
			buildConfigurationList = 1619E4142846EFA500849C5F /* Build configuration list for PBXProject "RxSwiftRepo" */;
			compatibilityVersion = "Xcode 13.0";
			developmentRegion = en;
			hasScannedForEncodings = 0;
			knownRegions = (
				en,
				Base,
			);
			mainGroup = 1619E4102846EFA500849C5F;
			packageReferences = (
				1619E44C2846F41600849C5F /* XCRemoteSwiftPackageReference "RxSwift" */,
				16CBBF152856BEFA00B640CC /* XCRemoteSwiftPackageReference "SnapKit" */,
			);
			productRefGroup = 1619E41A2846EFA500849C5F /* Products */;
			projectDirPath = "";
			projectRoot = "";
			targets = (
				1619E4182846EFA500849C5F /* RxSwiftRepo */,
				1619E42E2846EFA900849C5F /* RxSwiftRepoTests */,
				1619E4382846EFA900849C5F /* RxSwiftRepoUITests */,
			);
		};
/* End PBXProject section */

/* Begin PBXResourcesBuildPhase section */
		1619E4172846EFA500849C5F /* Resources */ = {
			isa = PBXResourcesBuildPhase;
			buildActionMask = 2147483647;
			files = (
				1619E4292846EFA800849C5F /* LaunchScreen.storyboard in Resources */,
				1619E4262846EFA800849C5F /* Assets.xcassets in Resources */,
			);
			runOnlyForDeploymentPostprocessing = 0;
		};
		1619E42D2846EFA900849C5F /* Resources */ = {
			isa = PBXResourcesBuildPhase;
			buildActionMask = 2147483647;
			files = (
			);
			runOnlyForDeploymentPostprocessing = 0;
		};
		1619E4372846EFA900849C5F /* Resources */ = {
			isa = PBXResourcesBuildPhase;
			buildActionMask = 2147483647;
			files = (
			);
			runOnlyForDeploymentPostprocessing = 0;
		};
/* End PBXResourcesBuildPhase section */

/* Begin PBXSourcesBuildPhase section */
		1619E4152846EFA500849C5F /* Sources */ = {
			isa = PBXSourcesBuildPhase;
			buildActionMask = 2147483647;
			files = (
				16CBBF142856BD6800B640CC /* View.swift in Sources */,
				16CF5CD62863F58600CFFC41 /* LabelViewController.swift in Sources */,
				1619E4212846EFA500849C5F /* ViewController.swift in Sources */,
				16CBBF1D2856C34500B640CC /* AddAlarmView.swift in Sources */,
				16CBBF1B2856C30E00B640CC /* AddAlarmViewController.swift in Sources */,
				1619E41D2846EFA500849C5F /* AppDelegate.swift in Sources */,
				1619E41F2846EFA500849C5F /* SceneDelegate.swift in Sources */,
				16CF5CD82863F59A00CFFC41 /* AlertViewController.swift in Sources */,
				16CF5CD42863F55600CFFC41 /* RepeatViewController.swift in Sources */,
				16CBBF1F2858184D00B640CC /* ViewModel.swift in Sources */,
				16CBBF212858189000B640CC /* Model.swift in Sources */,
			);
			runOnlyForDeploymentPostprocessing = 0;
		};
		1619E42B2846EFA900849C5F /* Sources */ = {
			isa = PBXSourcesBuildPhase;
			buildActionMask = 2147483647;
			files = (
				1619E4342846EFA900849C5F /* RxSwiftRepoTests.swift in Sources */,
			);
			runOnlyForDeploymentPostprocessing = 0;
		};
		1619E4352846EFA900849C5F /* Sources */ = {
			isa = PBXSourcesBuildPhase;
			buildActionMask = 2147483647;
			files = (
				1619E4402846EFA900849C5F /* RxSwiftRepoUITestsLaunchTests.swift in Sources */,
				1619E43E2846EFA900849C5F /* RxSwiftRepoUITests.swift in Sources */,
			);
			runOnlyForDeploymentPostprocessing = 0;
		};
/* End PBXSourcesBuildPhase section */

/* Begin PBXTargetDependency section */
		1619E4312846EFA900849C5F /* PBXTargetDependency */ = {
			isa = PBXTargetDependency;
			target = 1619E4182846EFA500849C5F /* RxSwiftRepo */;
			targetProxy = 1619E4302846EFA900849C5F /* PBXContainerItemProxy */;
		};
		1619E43B2846EFA900849C5F /* PBXTargetDependency */ = {
			isa = PBXTargetDependency;
			target = 1619E4182846EFA500849C5F /* RxSwiftRepo */;
			targetProxy = 1619E43A2846EFA900849C5F /* PBXContainerItemProxy */;
		};
/* End PBXTargetDependency section */

/* Begin PBXVariantGroup section */
		1619E4272846EFA800849C5F /* LaunchScreen.storyboard */ = {
			isa = PBXVariantGroup;
			children = (
				1619E4282846EFA800849C5F /* Base */,
			);
			name = LaunchScreen.storyboard;
			sourceTree = "<group>";
		};
/* End PBXVariantGroup section */

/* Begin XCBuildConfiguration section */
		1619E4412846EFA900849C5F /* Debug */ = {
			isa = XCBuildConfiguration;
			buildSettings = {
				ALWAYS_SEARCH_USER_PATHS = NO;
				CLANG_ANALYZER_NONNULL = YES;
				CLANG_ANALYZER_NUMBER_OBJECT_CONVERSION = YES_AGGRESSIVE;
				CLANG_CXX_LANGUAGE_STANDARD = "gnu++17";
				CLANG_ENABLE_MODULES = YES;
				CLANG_ENABLE_OBJC_ARC = YES;
				CLANG_ENABLE_OBJC_WEAK = YES;
				CLANG_WARN_BLOCK_CAPTURE_AUTORELEASING = YES;
				CLANG_WARN_BOOL_CONVERSION = YES;
				CLANG_WARN_COMMA = YES;
				CLANG_WARN_CONSTANT_CONVERSION = YES;
				CLANG_WARN_DEPRECATED_OBJC_IMPLEMENTATIONS = YES;
				CLANG_WARN_DIRECT_OBJC_ISA_USAGE = YES_ERROR;
				CLANG_WARN_DOCUMENTATION_COMMENTS = YES;
				CLANG_WARN_EMPTY_BODY = YES;
				CLANG_WARN_ENUM_CONVERSION = YES;
				CLANG_WARN_INFINITE_RECURSION = YES;
				CLANG_WARN_INT_CONVERSION = YES;
				CLANG_WARN_NON_LITERAL_NULL_CONVERSION = YES;
				CLANG_WARN_OBJC_IMPLICIT_RETAIN_SELF = YES;
				CLANG_WARN_OBJC_LITERAL_CONVERSION = YES;
				CLANG_WARN_OBJC_ROOT_CLASS = YES_ERROR;
				CLANG_WARN_QUOTED_INCLUDE_IN_FRAMEWORK_HEADER = YES;
				CLANG_WARN_RANGE_LOOP_ANALYSIS = YES;
				CLANG_WARN_STRICT_PROTOTYPES = YES;
				CLANG_WARN_SUSPICIOUS_MOVE = YES;
				CLANG_WARN_UNGUARDED_AVAILABILITY = YES_AGGRESSIVE;
				CLANG_WARN_UNREACHABLE_CODE = YES;
				CLANG_WARN__DUPLICATE_METHOD_MATCH = YES;
				COPY_PHASE_STRIP = NO;
				DEBUG_INFORMATION_FORMAT = dwarf;
				ENABLE_STRICT_OBJC_MSGSEND = YES;
				ENABLE_TESTABILITY = YES;
				GCC_C_LANGUAGE_STANDARD = gnu11;
				GCC_DYNAMIC_NO_PIC = NO;
				GCC_NO_COMMON_BLOCKS = YES;
				GCC_OPTIMIZATION_LEVEL = 0;
				GCC_PREPROCESSOR_DEFINITIONS = (
					"DEBUG=1",
					"$(inherited)",
				);
				GCC_WARN_64_TO_32_BIT_CONVERSION = YES;
				GCC_WARN_ABOUT_RETURN_TYPE = YES_ERROR;
				GCC_WARN_UNDECLARED_SELECTOR = YES;
				GCC_WARN_UNINITIALIZED_AUTOS = YES_AGGRESSIVE;
				GCC_WARN_UNUSED_FUNCTION = YES;
				GCC_WARN_UNUSED_VARIABLE = YES;
				IPHONEOS_DEPLOYMENT_TARGET = 15.4;
				MTL_ENABLE_DEBUG_INFO = INCLUDE_SOURCE;
				MTL_FAST_MATH = YES;
				ONLY_ACTIVE_ARCH = YES;
				SDKROOT = iphoneos;
				SWIFT_ACTIVE_COMPILATION_CONDITIONS = DEBUG;
				SWIFT_OPTIMIZATION_LEVEL = "-Onone";
			};
			name = Debug;
		};
		1619E4422846EFA900849C5F /* Release */ = {
			isa = XCBuildConfiguration;
			buildSettings = {
				ALWAYS_SEARCH_USER_PATHS = NO;
				CLANG_ANALYZER_NONNULL = YES;
				CLANG_ANALYZER_NUMBER_OBJECT_CONVERSION = YES_AGGRESSIVE;
				CLANG_CXX_LANGUAGE_STANDARD = "gnu++17";
				CLANG_ENABLE_MODULES = YES;
				CLANG_ENABLE_OBJC_ARC = YES;
				CLANG_ENABLE_OBJC_WEAK = YES;
				CLANG_WARN_BLOCK_CAPTURE_AUTORELEASING = YES;
				CLANG_WARN_BOOL_CONVERSION = YES;
				CLANG_WARN_COMMA = YES;
				CLANG_WARN_CONSTANT_CONVERSION = YES;
				CLANG_WARN_DEPRECATED_OBJC_IMPLEMENTATIONS = YES;
				CLANG_WARN_DIRECT_OBJC_ISA_USAGE = YES_ERROR;
				CLANG_WARN_DOCUMENTATION_COMMENTS = YES;
				CLANG_WARN_EMPTY_BODY = YES;
				CLANG_WARN_ENUM_CONVERSION = YES;
				CLANG_WARN_INFINITE_RECURSION = YES;
				CLANG_WARN_INT_CONVERSION = YES;
				CLANG_WARN_NON_LITERAL_NULL_CONVERSION = YES;
				CLANG_WARN_OBJC_IMPLICIT_RETAIN_SELF = YES;
				CLANG_WARN_OBJC_LITERAL_CONVERSION = YES;
				CLANG_WARN_OBJC_ROOT_CLASS = YES_ERROR;
				CLANG_WARN_QUOTED_INCLUDE_IN_FRAMEWORK_HEADER = YES;
				CLANG_WARN_RANGE_LOOP_ANALYSIS = YES;
				CLANG_WARN_STRICT_PROTOTYPES = YES;
				CLANG_WARN_SUSPICIOUS_MOVE = YES;
				CLANG_WARN_UNGUARDED_AVAILABILITY = YES_AGGRESSIVE;
				CLANG_WARN_UNREACHABLE_CODE = YES;
				CLANG_WARN__DUPLICATE_METHOD_MATCH = YES;
				COPY_PHASE_STRIP = NO;
				DEBUG_INFORMATION_FORMAT = "dwarf-with-dsym";
				ENABLE_NS_ASSERTIONS = NO;
				ENABLE_STRICT_OBJC_MSGSEND = YES;
				GCC_C_LANGUAGE_STANDARD = gnu11;
				GCC_NO_COMMON_BLOCKS = YES;
				GCC_WARN_64_TO_32_BIT_CONVERSION = YES;
				GCC_WARN_ABOUT_RETURN_TYPE = YES_ERROR;
				GCC_WARN_UNDECLARED_SELECTOR = YES;
				GCC_WARN_UNINITIALIZED_AUTOS = YES_AGGRESSIVE;
				GCC_WARN_UNUSED_FUNCTION = YES;
				GCC_WARN_UNUSED_VARIABLE = YES;
				IPHONEOS_DEPLOYMENT_TARGET = 15.4;
				MTL_ENABLE_DEBUG_INFO = NO;
				MTL_FAST_MATH = YES;
				SDKROOT = iphoneos;
				SWIFT_COMPILATION_MODE = wholemodule;
				SWIFT_OPTIMIZATION_LEVEL = "-O";
				VALIDATE_PRODUCT = YES;
			};
			name = Release;
		};
		1619E4442846EFA900849C5F /* Debug */ = {
			isa = XCBuildConfiguration;
			buildSettings = {
				ASSETCATALOG_COMPILER_APPICON_NAME = AppIcon;
				ASSETCATALOG_COMPILER_GLOBAL_ACCENT_COLOR_NAME = AccentColor;
				CODE_SIGN_STYLE = Automatic;
				CURRENT_PROJECT_VERSION = 1;
				DEVELOPMENT_TEAM = Z2D7WPWW6Y;
				GENERATE_INFOPLIST_FILE = YES;
				INFOPLIST_FILE = RxSwiftRepo/Info.plist;
				INFOPLIST_KEY_UIApplicationSupportsIndirectInputEvents = YES;
				INFOPLIST_KEY_UILaunchStoryboardName = LaunchScreen;
				INFOPLIST_KEY_UISupportedInterfaceOrientations_iPad = "UIInterfaceOrientationPortrait UIInterfaceOrientationPortraitUpsideDown UIInterfaceOrientationLandscapeLeft UIInterfaceOrientationLandscapeRight";
				INFOPLIST_KEY_UISupportedInterfaceOrientations_iPhone = "UIInterfaceOrientationPortrait UIInterfaceOrientationLandscapeLeft UIInterfaceOrientationLandscapeRight";
				LD_RUNPATH_SEARCH_PATHS = (
					"$(inherited)",
					"@executable_path/Frameworks",
				);
				MARKETING_VERSION = 1.0;
				PRODUCT_BUNDLE_IDENTIFIER = bionime.RxSwiftRepo;
				PRODUCT_NAME = "$(TARGET_NAME)";
				SWIFT_EMIT_LOC_STRINGS = YES;
				SWIFT_VERSION = 5.0;
				TARGETED_DEVICE_FAMILY = "1,2";
			};
			name = Debug;
		};
		1619E4452846EFA900849C5F /* Release */ = {
			isa = XCBuildConfiguration;
			buildSettings = {
				ASSETCATALOG_COMPILER_APPICON_NAME = AppIcon;
				ASSETCATALOG_COMPILER_GLOBAL_ACCENT_COLOR_NAME = AccentColor;
				CODE_SIGN_STYLE = Automatic;
				CURRENT_PROJECT_VERSION = 1;
				DEVELOPMENT_TEAM = Z2D7WPWW6Y;
				GENERATE_INFOPLIST_FILE = YES;
				INFOPLIST_FILE = RxSwiftRepo/Info.plist;
				INFOPLIST_KEY_UIApplicationSupportsIndirectInputEvents = YES;
				INFOPLIST_KEY_UILaunchStoryboardName = LaunchScreen;
				INFOPLIST_KEY_UISupportedInterfaceOrientations_iPad = "UIInterfaceOrientationPortrait UIInterfaceOrientationPortraitUpsideDown UIInterfaceOrientationLandscapeLeft UIInterfaceOrientationLandscapeRight";
				INFOPLIST_KEY_UISupportedInterfaceOrientations_iPhone = "UIInterfaceOrientationPortrait UIInterfaceOrientationLandscapeLeft UIInterfaceOrientationLandscapeRight";
				LD_RUNPATH_SEARCH_PATHS = (
					"$(inherited)",
					"@executable_path/Frameworks",
				);
				MARKETING_VERSION = 1.0;
				PRODUCT_BUNDLE_IDENTIFIER = bionime.RxSwiftRepo;
				PRODUCT_NAME = "$(TARGET_NAME)";
				SWIFT_EMIT_LOC_STRINGS = YES;
				SWIFT_VERSION = 5.0;
				TARGETED_DEVICE_FAMILY = "1,2";
			};
			name = Release;
		};
		1619E4472846EFA900849C5F /* Debug */ = {
			isa = XCBuildConfiguration;
			buildSettings = {
				ALWAYS_EMBED_SWIFT_STANDARD_LIBRARIES = YES;
				BUNDLE_LOADER = "$(TEST_HOST)";
				CODE_SIGN_STYLE = Automatic;
				CURRENT_PROJECT_VERSION = 1;
				DEVELOPMENT_TEAM = Z2D7WPWW6Y;
				GENERATE_INFOPLIST_FILE = YES;
				IPHONEOS_DEPLOYMENT_TARGET = 15.4;
				MARKETING_VERSION = 1.0;
				PRODUCT_BUNDLE_IDENTIFIER = bionime.RxSwiftRepoTests;
				PRODUCT_NAME = "$(TARGET_NAME)";
				SWIFT_EMIT_LOC_STRINGS = NO;
				SWIFT_VERSION = 5.0;
				TARGETED_DEVICE_FAMILY = "1,2";
				TEST_HOST = "$(BUILT_PRODUCTS_DIR)/RxSwiftRepo.app/RxSwiftRepo";
			};
			name = Debug;
		};
		1619E4482846EFA900849C5F /* Release */ = {
			isa = XCBuildConfiguration;
			buildSettings = {
				ALWAYS_EMBED_SWIFT_STANDARD_LIBRARIES = YES;
				BUNDLE_LOADER = "$(TEST_HOST)";
				CODE_SIGN_STYLE = Automatic;
				CURRENT_PROJECT_VERSION = 1;
				DEVELOPMENT_TEAM = Z2D7WPWW6Y;
				GENERATE_INFOPLIST_FILE = YES;
				IPHONEOS_DEPLOYMENT_TARGET = 15.4;
				MARKETING_VERSION = 1.0;
				PRODUCT_BUNDLE_IDENTIFIER = bionime.RxSwiftRepoTests;
				PRODUCT_NAME = "$(TARGET_NAME)";
				SWIFT_EMIT_LOC_STRINGS = NO;
				SWIFT_VERSION = 5.0;
				TARGETED_DEVICE_FAMILY = "1,2";
				TEST_HOST = "$(BUILT_PRODUCTS_DIR)/RxSwiftRepo.app/RxSwiftRepo";
			};
			name = Release;
		};
		1619E44A2846EFA900849C5F /* Debug */ = {
			isa = XCBuildConfiguration;
			buildSettings = {
				ALWAYS_EMBED_SWIFT_STANDARD_LIBRARIES = YES;
				CODE_SIGN_STYLE = Automatic;
				CURRENT_PROJECT_VERSION = 1;
				DEVELOPMENT_TEAM = Z2D7WPWW6Y;
				GENERATE_INFOPLIST_FILE = YES;
				MARKETING_VERSION = 1.0;
				PRODUCT_BUNDLE_IDENTIFIER = bionime.RxSwiftRepoUITests;
				PRODUCT_NAME = "$(TARGET_NAME)";
				SWIFT_EMIT_LOC_STRINGS = NO;
				SWIFT_VERSION = 5.0;
				TARGETED_DEVICE_FAMILY = "1,2";
				TEST_TARGET_NAME = RxSwiftRepo;
			};
			name = Debug;
		};
		1619E44B2846EFA900849C5F /* Release */ = {
			isa = XCBuildConfiguration;
			buildSettings = {
				ALWAYS_EMBED_SWIFT_STANDARD_LIBRARIES = YES;
				CODE_SIGN_STYLE = Automatic;
				CURRENT_PROJECT_VERSION = 1;
				DEVELOPMENT_TEAM = Z2D7WPWW6Y;
				GENERATE_INFOPLIST_FILE = YES;
				MARKETING_VERSION = 1.0;
				PRODUCT_BUNDLE_IDENTIFIER = bionime.RxSwiftRepoUITests;
				PRODUCT_NAME = "$(TARGET_NAME)";
				SWIFT_EMIT_LOC_STRINGS = NO;
				SWIFT_VERSION = 5.0;
				TARGETED_DEVICE_FAMILY = "1,2";
				TEST_TARGET_NAME = RxSwiftRepo;
			};
			name = Release;
		};
/* End XCBuildConfiguration section */

/* Begin XCConfigurationList section */
		1619E4142846EFA500849C5F /* Build configuration list for PBXProject "RxSwiftRepo" */ = {
			isa = XCConfigurationList;
			buildConfigurations = (
				1619E4412846EFA900849C5F /* Debug */,
				1619E4422846EFA900849C5F /* Release */,
			);
			defaultConfigurationIsVisible = 0;
			defaultConfigurationName = Release;
		};
		1619E4432846EFA900849C5F /* Build configuration list for PBXNativeTarget "RxSwiftRepo" */ = {
			isa = XCConfigurationList;
			buildConfigurations = (
				1619E4442846EFA900849C5F /* Debug */,
				1619E4452846EFA900849C5F /* Release */,
			);
			defaultConfigurationIsVisible = 0;
			defaultConfigurationName = Release;
		};
		1619E4462846EFA900849C5F /* Build configuration list for PBXNativeTarget "RxSwiftRepoTests" */ = {
			isa = XCConfigurationList;
			buildConfigurations = (
				1619E4472846EFA900849C5F /* Debug */,
				1619E4482846EFA900849C5F /* Release */,
			);
			defaultConfigurationIsVisible = 0;
			defaultConfigurationName = Release;
		};
		1619E4492846EFA900849C5F /* Build configuration list for PBXNativeTarget "RxSwiftRepoUITests" */ = {
			isa = XCConfigurationList;
			buildConfigurations = (
				1619E44A2846EFA900849C5F /* Debug */,
				1619E44B2846EFA900849C5F /* Release */,
			);
			defaultConfigurationIsVisible = 0;
			defaultConfigurationName = Release;
		};
/* End XCConfigurationList section */

/* Begin XCRemoteSwiftPackageReference section */
		1619E44C2846F41600849C5F /* XCRemoteSwiftPackageReference "RxSwift" */ = {
			isa = XCRemoteSwiftPackageReference;
			repositoryURL = "https://github.com/ReactiveX/RxSwift";
			requirement = {
				kind = upToNextMajorVersion;
				minimumVersion = 6.0.0;
			};
		};
		16CBBF152856BEFA00B640CC /* XCRemoteSwiftPackageReference "SnapKit" */ = {
			isa = XCRemoteSwiftPackageReference;
			repositoryURL = "https://github.com/SnapKit/SnapKit";
			requirement = {
				branch = develop;
				kind = branch;
			};
		};
/* End XCRemoteSwiftPackageReference section */

/* Begin XCSwiftPackageProductDependency section */
		1619E44D2846F41600849C5F /* RxCocoa */ = {
			isa = XCSwiftPackageProductDependency;
			package = 1619E44C2846F41600849C5F /* XCRemoteSwiftPackageReference "RxSwift" */;
			productName = RxCocoa;
		};
		1619E44F2846F41600849C5F /* RxSwift */ = {
			isa = XCSwiftPackageProductDependency;
			package = 1619E44C2846F41600849C5F /* XCRemoteSwiftPackageReference "RxSwift" */;
			productName = RxSwift;
		};
		16CBBF162856BEFA00B640CC /* SnapKit */ = {
			isa = XCSwiftPackageProductDependency;
			package = 16CBBF152856BEFA00B640CC /* XCRemoteSwiftPackageReference "SnapKit" */;
			productName = SnapKit;
		};
/* End XCSwiftPackageProductDependency section */
	};
	rootObject = 1619E4112846EFA500849C5F /* Project object */;
}
